
Microsoft Visual Studio Solution File, Format Version 12.00
# Visual Studio Version 16
VisualStudioVersion = 16.0.30709.132
MinimumVisualStudioVersion = 15.0.26124.0
Project("{2150E333-8FDC-42A3-9474-1A3956D46DE8}") = "FunctionSamples", "FunctionSamples", "{D0061709-FE79-4B66-B4B7-3F2B2C07A470}"
EndProject
Project("{9A19103F-16F7-4668-BE54-9A1E7A4F7556}") = "EmployeeRepoApi", "FunctionSamples\EmployeeRepoApi\EmployeeRepoApi.csproj", "{E6C3FE57-9091-443A-B1E3-5DAB38B4A093}"
EndProject
Project("{9A19103F-16F7-4668-BE54-9A1E7A4F7556}") = "DurableFunctionsDemo", "FunctionSamples\DurableFunctionsDemo\DurableFunctionsDemo.csproj", "{72A2F3D7-F301-47D9-BAB4-5103ECEDF9EA}"
EndProject
Project("{2150E333-8FDC-42A3-9474-1A3956D46DE8}") = "WebApps", "WebApps", "{EFA2E473-E3BB-42EE-9C8D-5769AF1D4D7E}"
EndProject
Project("{9A19103F-16F7-4668-BE54-9A1E7A4F7556}") = "SimpleWebsite", "WebApps\SimpleWebsite\SimpleWebsite.csproj", "{442AB8EC-17FF-4B38-94A7-F24DACC742F3}"
EndProject
Project("{9A19103F-16F7-4668-BE54-9A1E7A4F7556}") = "SimpleApi", "WebApps\SimpleApi\SimpleApi.csproj", "{FFD74B3F-8BA3-4802-8D1F-64CA81F40CA6}"
EndProject
Project("{9A19103F-16F7-4668-BE54-9A1E7A4F7556}") = "AzureStorageWrapper", "..\..\..\Study\azure\storage\AzureStorageWrapper\AzureStorageWrapper.csproj", "{A92C604A-5833-4D10-95EF-BB5C2DF4B5F4}"
EndProject
Project("{2150E333-8FDC-42A3-9474-1A3956D46DE8}") = "Storage", "Storage", "{9AE09140-DFCD-4C7B-AE13-B4B9B8CD279F}"
EndProject
Global
	GlobalSection(SolutionConfigurationPlatforms) = preSolution
		Debug|Any CPU = Debug|Any CPU
		Debug|x64 = Debug|x64
		Debug|x86 = Debug|x86
		Release|Any CPU = Release|Any CPU
		Release|x64 = Release|x64
		Release|x86 = Release|x86
	EndGlobalSection
	GlobalSection(ProjectConfigurationPlatforms) = postSolution
		{E6C3FE57-9091-443A-B1E3-5DAB38B4A093}.Debug|Any CPU.ActiveCfg = Debug|Any CPU
		{E6C3FE57-9091-443A-B1E3-5DAB38B4A093}.Debug|Any CPU.Build.0 = Debug|Any CPU
		{E6C3FE57-9091-443A-B1E3-5DAB38B4A093}.Debug|x64.ActiveCfg = Debug|Any CPU
		{E6C3FE57-9091-443A-B1E3-5DAB38B4A093}.Debug|x64.Build.0 = Debug|Any CPU
		{E6C3FE57-9091-443A-B1E3-5DAB38B4A093}.Debug|x86.ActiveCfg = Debug|Any CPU
		{E6C3FE57-9091-443A-B1E3-5DAB38B4A093}.Debug|x86.Build.0 = Debug|Any CPU
		{E6C3FE57-9091-443A-B1E3-5DAB38B4A093}.Release|Any CPU.ActiveCfg = Release|Any CPU
		{E6C3FE57-9091-443A-B1E3-5DAB38B4A093}.Release|Any CPU.Build.0 = Release|Any CPU
		{E6C3FE57-9091-443A-B1E3-5DAB38B4A093}.Release|x64.ActiveCfg = Release|Any CPU
		{E6C3FE57-9091-443A-B1E3-5DAB38B4A093}.Release|x64.Build.0 = Release|Any CPU
		{E6C3FE57-9091-443A-B1E3-5DAB38B4A093}.Release|x86.ActiveCfg = Release|Any CPU
		{E6C3FE57-9091-443A-B1E3-5DAB38B4A093}.Release|x86.Build.0 = Release|Any CPU
		{72A2F3D7-F301-47D9-BAB4-5103ECEDF9EA}.Debug|Any CPU.ActiveCfg = Debug|Any CPU
		{72A2F3D7-F301-47D9-BAB4-5103ECEDF9EA}.Debug|Any CPU.Build.0 = Debug|Any CPU
		{72A2F3D7-F301-47D9-BAB4-5103ECEDF9EA}.Debug|x64.ActiveCfg = Debug|Any CPU
		{72A2F3D7-F301-47D9-BAB4-5103ECEDF9EA}.Debug|x64.Build.0 = Debug|Any CPU
		{72A2F3D7-F301-47D9-BAB4-5103ECEDF9EA}.Debug|x86.ActiveCfg = Debug|Any CPU
		{72A2F3D7-F301-47D9-BAB4-5103ECEDF9EA}.Debug|x86.Build.0 = Debug|Any CPU
		{72A2F3D7-F301-47D9-BAB4-5103ECEDF9EA}.Release|Any CPU.ActiveCfg = Release|Any CPU
		{72A2F3D7-F301-47D9-BAB4-5103ECEDF9EA}.Release|Any CPU.Build.0 = Release|Any CPU
		{72A2F3D7-F301-47D9-BAB4-5103ECEDF9EA}.Release|x64.ActiveCfg = Release|Any CPU
		{72A2F3D7-F301-47D9-BAB4-5103ECEDF9EA}.Release|x64.Build.0 = Release|Any CPU
		{72A2F3D7-F301-47D9-BAB4-5103ECEDF9EA}.Release|x86.ActiveCfg = Release|Any CPU
		{72A2F3D7-F301-47D9-BAB4-5103ECEDF9EA}.Release|x86.Build.0 = Release|Any CPU
		{442AB8EC-17FF-4B38-94A7-F24DACC742F3}.Debug|Any CPU.ActiveCfg = Debug|Any CPU
		{442AB8EC-17FF-4B38-94A7-F24DACC742F3}.Debug|Any CPU.Build.0 = Debug|Any CPU
		{442AB8EC-17FF-4B38-94A7-F24DACC742F3}.Debug|x64.ActiveCfg = Debug|Any CPU
		{442AB8EC-17FF-4B38-94A7-F24DACC742F3}.Debug|x64.Build.0 = Debug|Any CPU
		{442AB8EC-17FF-4B38-94A7-F24DACC742F3}.Debug|x86.ActiveCfg = Debug|Any CPU
		{442AB8EC-17FF-4B38-94A7-F24DACC742F3}.Debug|x86.Build.0 = Debug|Any CPU
		{442AB8EC-17FF-4B38-94A7-F24DACC742F3}.Release|Any CPU.ActiveCfg = Release|Any CPU
		{442AB8EC-17FF-4B38-94A7-F24DACC742F3}.Release|Any CPU.Build.0 = Release|Any CPU
		{442AB8EC-17FF-4B38-94A7-F24DACC742F3}.Release|x64.ActiveCfg = Release|Any CPU
		{442AB8EC-17FF-4B38-94A7-F24DACC742F3}.Release|x64.Build.0 = Release|Any CPU
		{442AB8EC-17FF-4B38-94A7-F24DACC742F3}.Release|x86.ActiveCfg = Release|Any CPU
		{442AB8EC-17FF-4B38-94A7-F24DACC742F3}.Release|x86.Build.0 = Release|Any CPU
		{FFD74B3F-8BA3-4802-8D1F-64CA81F40CA6}.Debug|Any CPU.ActiveCfg = Debug|Any CPU
		{FFD74B3F-8BA3-4802-8D1F-64CA81F40CA6}.Debug|Any CPU.Build.0 = Debug|Any CPU
		{FFD74B3F-8BA3-4802-8D1F-64CA81F40CA6}.Debug|x64.ActiveCfg = Debug|Any CPU
		{FFD74B3F-8BA3-4802-8D1F-64CA81F40CA6}.Debug|x64.Build.0 = Debug|Any CPU
		{FFD74B3F-8BA3-4802-8D1F-64CA81F40CA6}.Debug|x86.ActiveCfg = Debug|Any CPU
		{FFD74B3F-8BA3-4802-8D1F-64CA81F40CA6}.Debug|x86.Build.0 = Debug|Any CPU
		{FFD74B3F-8BA3-4802-8D1F-64CA81F40CA6}.Release|Any CPU.ActiveCfg = Release|Any CPU
		{FFD74B3F-8BA3-4802-8D1F-64CA81F40CA6}.Release|Any CPU.Build.0 = Release|Any CPU
		{FFD74B3F-8BA3-4802-8D1F-64CA81F40CA6}.Release|x64.ActiveCfg = Release|Any CPU
		{FFD74B3F-8BA3-4802-8D1F-64CA81F40CA6}.Release|x64.Build.0 = Release|Any CPU
		{FFD74B3F-8BA3-4802-8D1F-64CA81F40CA6}.Release|x86.ActiveCfg = Release|Any CPU
		{FFD74B3F-8BA3-4802-8D1F-64CA81F40CA6}.Release|x86.Build.0 = Release|Any CPU
		{A92C604A-5833-4D10-95EF-BB5C2DF4B5F4}.Debug|Any CPU.ActiveCfg = Debug|Any CPU
		{A92C604A-5833-4D10-95EF-BB5C2DF4B5F4}.Debug|Any CPU.Build.0 = Debug|Any CPU
		{A92C604A-5833-4D10-95EF-BB5C2DF4B5F4}.Debug|x64.ActiveCfg = Debug|Any CPU
		{A92C604A-5833-4D10-95EF-BB5C2DF4B5F4}.Debug|x64.Build.0 = Debug|Any CPU
		{A92C604A-5833-4D10-95EF-BB5C2DF4B5F4}.Debug|x86.ActiveCfg = Debug|Any CPU
		{A92C604A-5833-4D10-95EF-BB5C2DF4B5F4}.Debug|x86.Build.0 = Debug|Any CPU
		{A92C604A-5833-4D10-95EF-BB5C2DF4B5F4}.Release|Any CPU.ActiveCfg = Release|Any CPU
		{A92C604A-5833-4D10-95EF-BB5C2DF4B5F4}.Release|Any CPU.Build.0 = Release|Any CPU
		{A92C604A-5833-4D10-95EF-BB5C2DF4B5F4}.Release|x64.ActiveCfg = Release|Any CPU
		{A92C604A-5833-4D10-95EF-BB5C2DF4B5F4}.Release|x64.Build.0 = Release|Any CPU
		{A92C604A-5833-4D10-95EF-BB5C2DF4B5F4}.Release|x86.ActiveCfg = Release|Any CPU
		{A92C604A-5833-4D10-95EF-BB5C2DF4B5F4}.Release|x86.Build.0 = Release|Any CPU
	EndGlobalSection
	GlobalSection(SolutionProperties) = preSolution
		HideSolutionNode = FALSE
	EndGlobalSection
	GlobalSection(NestedProjects) = preSolution
		{E6C3FE57-9091-443A-B1E3-5DAB38B4A093} = {D0061709-FE79-4B66-B4B7-3F2B2C07A470}
		{72A2F3D7-F301-47D9-BAB4-5103ECEDF9EA} = {D0061709-FE79-4B66-B4B7-3F2B2C07A470}
		{442AB8EC-17FF-4B38-94A7-F24DACC742F3} = {EFA2E473-E3BB-42EE-9C8D-5769AF1D4D7E}
		{FFD74B3F-8BA3-4802-8D1F-64CA81F40CA6} = {EFA2E473-E3BB-42EE-9C8D-5769AF1D4D7E}
		{A92C604A-5833-4D10-95EF-BB5C2DF4B5F4} = {9AE09140-DFCD-4C7B-AE13-B4B9B8CD279F}
	EndGlobalSection
	GlobalSection(ExtensibilityGlobals) = postSolution
		SolutionGuid = {A0D7E8DB-17B2-4820-B993-3419269699BC}
	EndGlobalSection
EndGlobal
