
Microsoft Visual Studio Solution File, Format Version 12.00
# Visual Studio Version 16
VisualStudioVersion = 16.0.30709.132
MinimumVisualStudioVersion = 15.0.26124.0
Project("{2150E333-8FDC-42A3-9474-1A3956D46DE8}") = "FunctionSamples", "FunctionSamples", "{D0061709-FE79-4B66-B4B7-3F2B2C07A470}"
EndProject
Project("{9A19103F-16F7-4668-BE54-9A1E7A4F7556}") = "EmployeeRepoApi", "FunctionSamples\EmployeeRepoApi\EmployeeRepoApi.csproj", "{E6C3FE57-9091-443A-B1E3-5DAB38B4A093}"
EndProject
Global
	GlobalSection(SolutionConfigurationPlatforms) = preSolution
		Debug|Any CPU = Debug|Any CPU
		Debug|x64 = Debug|x64
		Debug|x86 = Debug|x86
		Release|Any CPU = Release|Any CPU
		Release|x64 = Release|x64
		Release|x86 = Release|x86
	EndGlobalSection
	GlobalSection(ProjectConfigurationPlatforms) = postSolution
		{E6C3FE57-9091-443A-B1E3-5DAB38B4A093}.Debug|Any CPU.ActiveCfg = Debug|Any CPU
		{E6C3FE57-9091-443A-B1E3-5DAB38B4A093}.Debug|Any CPU.Build.0 = Debug|Any CPU
		{E6C3FE57-9091-443A-B1E3-5DAB38B4A093}.Debug|x64.ActiveCfg = Debug|Any CPU
		{E6C3FE57-9091-443A-B1E3-5DAB38B4A093}.Debug|x64.Build.0 = Debug|Any CPU
		{E6C3FE57-9091-443A-B1E3-5DAB38B4A093}.Debug|x86.ActiveCfg = Debug|Any CPU
		{E6C3FE57-9091-443A-B1E3-5DAB38B4A093}.Debug|x86.Build.0 = Debug|Any CPU
		{E6C3FE57-9091-443A-B1E3-5DAB38B4A093}.Release|Any CPU.ActiveCfg = Release|Any CPU
		{E6C3FE57-9091-443A-B1E3-5DAB38B4A093}.Release|Any CPU.Build.0 = Release|Any CPU
		{E6C3FE57-9091-443A-B1E3-5DAB38B4A093}.Release|x64.ActiveCfg = Release|Any CPU
		{E6C3FE57-9091-443A-B1E3-5DAB38B4A093}.Release|x64.Build.0 = Release|Any CPU
		{E6C3FE57-9091-443A-B1E3-5DAB38B4A093}.Release|x86.ActiveCfg = Release|Any CPU
		{E6C3FE57-9091-443A-B1E3-5DAB38B4A093}.Release|x86.Build.0 = Release|Any CPU
	EndGlobalSection
	GlobalSection(SolutionProperties) = preSolution
		HideSolutionNode = FALSE
	EndGlobalSection
	GlobalSection(NestedProjects) = preSolution
		{E6C3FE57-9091-443A-B1E3-5DAB38B4A093} = {D0061709-FE79-4B66-B4B7-3F2B2C07A470}
	EndGlobalSection
	GlobalSection(ExtensibilityGlobals) = postSolution
		SolutionGuid = {A0D7E8DB-17B2-4820-B993-3419269699BC}
	EndGlobalSection
EndGlobal
