
Microsoft Visual Studio Solution File, Format Version 12.00
# Visual Studio Version 17
VisualStudioVersion = 17.7.34221.43
MinimumVisualStudioVersion = 10.0.40219.1
Project("{9A19103F-16F7-4668-BE54-9A1E7A4F7556}") = "SBShared", "SBShared\SBShared.csproj", "{D5573735-31C6-416D-9F6D-E96BB5470EBA}"
EndProject
Project("{FAE04EC0-301F-11D3-BF4B-00C04F79EFBC}") = "SBQueueSender", "SBQueueSender\SBQueueSender.csproj", "{B99DACA6-6B3A-4C88-A6C8-2735B1180C98}"
EndProject
Project("{FAE04EC0-301F-11D3-BF4B-00C04F79EFBC}") = "SBQueueReceiver", "SBQueueReceiver\SBQueueReceiver.csproj", "{17DEEA2B-F22C-47FF-AAF6-0FDA95376948}"
EndProject
Global
	GlobalSection(SolutionConfigurationPlatforms) = preSolution
		Debug|Any CPU = Debug|Any CPU
		Release|Any CPU = Release|Any CPU
	EndGlobalSection
	GlobalSection(ProjectConfigurationPlatforms) = postSolution
		{D5573735-31C6-416D-9F6D-E96BB5470EBA}.Debug|Any CPU.ActiveCfg = Debug|Any CPU
		{D5573735-31C6-416D-9F6D-E96BB5470EBA}.Debug|Any CPU.Build.0 = Debug|Any CPU
		{D5573735-31C6-416D-9F6D-E96BB5470EBA}.Release|Any CPU.ActiveCfg = Release|Any CPU
		{D5573735-31C6-416D-9F6D-E96BB5470EBA}.Release|Any CPU.Build.0 = Release|Any CPU
		{B99DACA6-6B3A-4C88-A6C8-2735B1180C98}.Debug|Any CPU.ActiveCfg = Debug|Any CPU
		{B99DACA6-6B3A-4C88-A6C8-2735B1180C98}.Debug|Any CPU.Build.0 = Debug|Any CPU
		{B99DACA6-6B3A-4C88-A6C8-2735B1180C98}.Release|Any CPU.ActiveCfg = Release|Any CPU
		{B99DACA6-6B3A-4C88-A6C8-2735B1180C98}.Release|Any CPU.Build.0 = Release|Any CPU
		{17DEEA2B-F22C-47FF-AAF6-0FDA95376948}.Debug|Any CPU.ActiveCfg = Debug|Any CPU
		{17DEEA2B-F22C-47FF-AAF6-0FDA95376948}.Debug|Any CPU.Build.0 = Debug|Any CPU
		{17DEEA2B-F22C-47FF-AAF6-0FDA95376948}.Release|Any CPU.ActiveCfg = Release|Any CPU
		{17DEEA2B-F22C-47FF-AAF6-0FDA95376948}.Release|Any CPU.Build.0 = Release|Any CPU
	EndGlobalSection
	GlobalSection(SolutionProperties) = preSolution
		HideSolutionNode = FALSE
	EndGlobalSection
	GlobalSection(ExtensibilityGlobals) = postSolution
		SolutionGuid = {A8D6A017-AE90-4A0D-81C4-558E2A860E9B}
	EndGlobalSection
EndGlobal
